
Microsoft Visual Studio Solution File, Format Version 12.00
# Visual Studio 2012
Project("{FAE04EC0-301F-11D3-BF4B-00C04F79EFBC}") = "DT.Dojo", "ClassLibrary1\DT.Dojo.csproj", "{E50FF472-227C-4DEE-BEBE-86D48FA1BEBC}"
EndProject
Project("{FAE04EC0-301F-11D3-BF4B-00C04F79EFBC}") = "DT.Dojo.Test", "DT.Dojo.Test\DT.Dojo.Test.csproj", "{82D0E16A-5C87-4B12-98F9-35CE0333E8DD}"
EndProject
Global
	GlobalSection(SolutionConfigurationPlatforms) = preSolution
		Debug|Any CPU = Debug|Any CPU
		Release|Any CPU = Release|Any CPU
	EndGlobalSection
	GlobalSection(ProjectConfigurationPlatforms) = postSolution
		{E50FF472-227C-4DEE-BEBE-86D48FA1BEBC}.Debug|Any CPU.ActiveCfg = Debug|Any CPU
		{E50FF472-227C-4DEE-BEBE-86D48FA1BEBC}.Debug|Any CPU.Build.0 = Debug|Any CPU
		{E50FF472-227C-4DEE-BEBE-86D48FA1BEBC}.Release|Any CPU.ActiveCfg = Release|Any CPU
		{E50FF472-227C-4DEE-BEBE-86D48FA1BEBC}.Release|Any CPU.Build.0 = Release|Any CPU
		{82D0E16A-5C87-4B12-98F9-35CE0333E8DD}.Debug|Any CPU.ActiveCfg = Debug|Any CPU
		{82D0E16A-5C87-4B12-98F9-35CE0333E8DD}.Debug|Any CPU.Build.0 = Debug|Any CPU
		{82D0E16A-5C87-4B12-98F9-35CE0333E8DD}.Release|Any CPU.ActiveCfg = Release|Any CPU
		{82D0E16A-5C87-4B12-98F9-35CE0333E8DD}.Release|Any CPU.Build.0 = Release|Any CPU
	EndGlobalSection
	GlobalSection(SolutionProperties) = preSolution
		HideSolutionNode = FALSE
	EndGlobalSection
EndGlobal
